
Microsoft Visual Studio Solution File, Format Version 12.00
# Visual Studio Version 16
VisualStudioVersion = 16.0.30320.27
MinimumVisualStudioVersion = 10.0.40219.1
Project("{2150E333-8FDC-42A3-9474-1A3956D46DE8}") = "05 Web前端", "05 Web前端", "{7777C9E8-3F97-4E5A-A668-EDEFCFA468C3}"
EndProject
Project("{9A19103F-16F7-4668-BE54-9A1E7A4F7556}") = "BryceStory.Admin.Web", "BryceStory.Admin.Web\BryceStory.Admin.Web.csproj", "{89C5601F-6F38-4AF3-A31D-6728FBF7B160}"
EndProject
Project("{2150E333-8FDC-42A3-9474-1A3956D46DE8}") = "01 Framework 基础设施层", "01 Framework 基础设施层", "{A5CE49C6-D458-4932-91F9-0A045E57CD4A}"
EndProject
Project("{2150E333-8FDC-42A3-9474-1A3956D46DE8}") = "Cache 数据缓存接口", "Cache 数据缓存接口", "{6F6BB4CF-B3EE-42F2-A87E-EE52557FBE31}"
EndProject
Project("{9A19103F-16F7-4668-BE54-9A1E7A4F7556}") = "BryceStory.Utility", "BryceStory.Utility\BryceStory.Utility.csproj", "{04DDA0AD-329A-40F8-A193-541E64FD372A}"
EndProject
Project("{9A19103F-16F7-4668-BE54-9A1E7A4F7556}") = "BryceStory.Web.Code", "BryceStory.Web.Code\BryceStory.Web.Code.csproj", "{7A5314E3-B288-479E-995D-66ECFDC756BE}"
EndProject
Project("{9A19103F-16F7-4668-BE54-9A1E7A4F7556}") = "BryceStory.Cache.Factory", "BryceStory.Cache.Factory\BryceStory.Cache.Factory.csproj", "{E752CACA-B979-45A6-AEB2-F9C895B7DCAD}"
EndProject
Project("{9A19103F-16F7-4668-BE54-9A1E7A4F7556}") = "BryceStory.Cache.Interface", "BryceStory.Cache.Interface\BryceStory.Cache.Interface.csproj", "{ED8EB5E3-F2BF-4AB7-824E-F57111DFAF42}"
EndProject
Project("{9A19103F-16F7-4668-BE54-9A1E7A4F7556}") = "BryceStory.MemoryCache", "BryceStory.MemoryCache\BryceStory.MemoryCache.csproj", "{4B105BA7-6032-42EE-AB57-448D02FBF53F}"
EndProject
Project("{2150E333-8FDC-42A3-9474-1A3956D46DE8}") = "02 DataAccess数据库核心层", "02 DataAccess数据库核心层", "{674CBD91-22F4-4BE3-8BB9-535C1ECBBBC7}"
EndProject
Project("{9A19103F-16F7-4668-BE54-9A1E7A4F7556}") = "BryceStory.Data.Repository", "BryceStory.Data.Repository\BryceStory.Data.Repository.csproj", "{60FF62A0-620B-4482-9D1D-21C89AC4D91A}"
EndProject
Project("{9A19103F-16F7-4668-BE54-9A1E7A4F7556}") = "BryceStory.Data", "BryceStory.Data\BryceStory.Data.csproj", "{0BECFF39-FD0B-4B02-85A8-16AB5AD2ADC5}"
EndProject
Project("{9A19103F-16F7-4668-BE54-9A1E7A4F7556}") = "BryceStory.Data.EF", "BryceStory.Data.EF\BryceStory.Data.EF.csproj", "{4B26020C-3207-496A-B9D3-E64CBD0F898A}"
EndProject
Project("{2150E333-8FDC-42A3-9474-1A3956D46DE8}") = "04 Entity实体层", "04 Entity实体层", "{B2FB6E44-6B3D-4000-B6EF-90E94EEFB9BA}"
EndProject
Project("{9A19103F-16F7-4668-BE54-9A1E7A4F7556}") = "BryceStory.Entity", "BryceStory.Entity\BryceStory.Entity.csproj", "{69D1440A-3B25-42FA-8016-0FF1F0417D32}"
EndProject
Project("{9A19103F-16F7-4668-BE54-9A1E7A4F7556}") = "BryceStory.Enum", "BryceStory.Enum\BryceStory.Enum.csproj", "{D84E7782-1051-4D5E-AF68-1377A423F8F6}"
EndProject
Project("{9A19103F-16F7-4668-BE54-9A1E7A4F7556}") = "BryceStory.RedisCache", "BryceStory.RedisCache\BryceStory.RedisCache.csproj", "{6784DD0F-4DF5-476B-AA1F-37E3DDFE6535}"
EndProject
Project("{2150E333-8FDC-42A3-9474-1A3956D46DE8}") = "03 Business 业务逻辑层", "03 Business 业务逻辑层", "{88BB8070-3CC4-494E-B21D-5195F2CA151A}"
EndProject
Project("{FAE04EC0-301F-11D3-BF4B-00C04F79EFBC}") = "BryceStory.Model", "BryceStory.Model\BryceStory.Model.csproj", "{3DAEFAC8-4B33-4EB2-A410-4C7CC29D99D8}"
EndProject
Project("{FAE04EC0-301F-11D3-BF4B-00C04F79EFBC}") = "BryceStory.IdGenerator", "BryceStory.IdGenerator\BryceStory.IdGenerator.csproj", "{B450D781-2A0C-4DE3-A6D1-CE731E9F9E89}"
EndProject
Project("{FAE04EC0-301F-11D3-BF4B-00C04F79EFBC}") = "BryceStory.Business", "BryceStory.Business\BryceStory.Business.csproj", "{D182A567-A4A1-44C2-AE41-6B66EDE98D5D}"
EndProject
Project("{FAE04EC0-301F-11D3-BF4B-00C04F79EFBC}") = "BryceStory.Service", "BryceStory.Service\BryceStory.Service.csproj", "{55374953-DC8A-496A-90E0-1E96F4AA6D9E}"
EndProject
Project("{FAE04EC0-301F-11D3-BF4B-00C04F79EFBC}") = "BryceStory.Business.Cache", "BryceStory.Business.Cache\BryceStory.Business.Cache.csproj", "{7E655FE1-59C7-4382-87C7-06FC36E1BE51}"
EndProject
Global
	GlobalSection(SolutionConfigurationPlatforms) = preSolution
		Debug|Any CPU = Debug|Any CPU
		Release|Any CPU = Release|Any CPU
	EndGlobalSection
	GlobalSection(ProjectConfigurationPlatforms) = postSolution
		{89C5601F-6F38-4AF3-A31D-6728FBF7B160}.Debug|Any CPU.ActiveCfg = Debug|Any CPU
		{89C5601F-6F38-4AF3-A31D-6728FBF7B160}.Debug|Any CPU.Build.0 = Debug|Any CPU
		{89C5601F-6F38-4AF3-A31D-6728FBF7B160}.Release|Any CPU.ActiveCfg = Release|Any CPU
		{89C5601F-6F38-4AF3-A31D-6728FBF7B160}.Release|Any CPU.Build.0 = Release|Any CPU
		{04DDA0AD-329A-40F8-A193-541E64FD372A}.Debug|Any CPU.ActiveCfg = Debug|Any CPU
		{04DDA0AD-329A-40F8-A193-541E64FD372A}.Debug|Any CPU.Build.0 = Debug|Any CPU
		{04DDA0AD-329A-40F8-A193-541E64FD372A}.Release|Any CPU.ActiveCfg = Release|Any CPU
		{04DDA0AD-329A-40F8-A193-541E64FD372A}.Release|Any CPU.Build.0 = Release|Any CPU
		{7A5314E3-B288-479E-995D-66ECFDC756BE}.Debug|Any CPU.ActiveCfg = Debug|Any CPU
		{7A5314E3-B288-479E-995D-66ECFDC756BE}.Debug|Any CPU.Build.0 = Debug|Any CPU
		{7A5314E3-B288-479E-995D-66ECFDC756BE}.Release|Any CPU.ActiveCfg = Release|Any CPU
		{7A5314E3-B288-479E-995D-66ECFDC756BE}.Release|Any CPU.Build.0 = Release|Any CPU
		{E752CACA-B979-45A6-AEB2-F9C895B7DCAD}.Debug|Any CPU.ActiveCfg = Debug|Any CPU
		{E752CACA-B979-45A6-AEB2-F9C895B7DCAD}.Debug|Any CPU.Build.0 = Debug|Any CPU
		{E752CACA-B979-45A6-AEB2-F9C895B7DCAD}.Release|Any CPU.ActiveCfg = Release|Any CPU
		{E752CACA-B979-45A6-AEB2-F9C895B7DCAD}.Release|Any CPU.Build.0 = Release|Any CPU
		{ED8EB5E3-F2BF-4AB7-824E-F57111DFAF42}.Debug|Any CPU.ActiveCfg = Debug|Any CPU
		{ED8EB5E3-F2BF-4AB7-824E-F57111DFAF42}.Debug|Any CPU.Build.0 = Debug|Any CPU
		{ED8EB5E3-F2BF-4AB7-824E-F57111DFAF42}.Release|Any CPU.ActiveCfg = Release|Any CPU
		{ED8EB5E3-F2BF-4AB7-824E-F57111DFAF42}.Release|Any CPU.Build.0 = Release|Any CPU
		{4B105BA7-6032-42EE-AB57-448D02FBF53F}.Debug|Any CPU.ActiveCfg = Debug|Any CPU
		{4B105BA7-6032-42EE-AB57-448D02FBF53F}.Debug|Any CPU.Build.0 = Debug|Any CPU
		{4B105BA7-6032-42EE-AB57-448D02FBF53F}.Release|Any CPU.ActiveCfg = Release|Any CPU
		{4B105BA7-6032-42EE-AB57-448D02FBF53F}.Release|Any CPU.Build.0 = Release|Any CPU
		{60FF62A0-620B-4482-9D1D-21C89AC4D91A}.Debug|Any CPU.ActiveCfg = Debug|Any CPU
		{60FF62A0-620B-4482-9D1D-21C89AC4D91A}.Debug|Any CPU.Build.0 = Debug|Any CPU
		{60FF62A0-620B-4482-9D1D-21C89AC4D91A}.Release|Any CPU.ActiveCfg = Release|Any CPU
		{60FF62A0-620B-4482-9D1D-21C89AC4D91A}.Release|Any CPU.Build.0 = Release|Any CPU
		{0BECFF39-FD0B-4B02-85A8-16AB5AD2ADC5}.Debug|Any CPU.ActiveCfg = Debug|Any CPU
		{0BECFF39-FD0B-4B02-85A8-16AB5AD2ADC5}.Debug|Any CPU.Build.0 = Debug|Any CPU
		{0BECFF39-FD0B-4B02-85A8-16AB5AD2ADC5}.Release|Any CPU.ActiveCfg = Release|Any CPU
		{0BECFF39-FD0B-4B02-85A8-16AB5AD2ADC5}.Release|Any CPU.Build.0 = Release|Any CPU
		{4B26020C-3207-496A-B9D3-E64CBD0F898A}.Debug|Any CPU.ActiveCfg = Debug|Any CPU
		{4B26020C-3207-496A-B9D3-E64CBD0F898A}.Debug|Any CPU.Build.0 = Debug|Any CPU
		{4B26020C-3207-496A-B9D3-E64CBD0F898A}.Release|Any CPU.ActiveCfg = Release|Any CPU
		{4B26020C-3207-496A-B9D3-E64CBD0F898A}.Release|Any CPU.Build.0 = Release|Any CPU
		{69D1440A-3B25-42FA-8016-0FF1F0417D32}.Debug|Any CPU.ActiveCfg = Debug|Any CPU
		{69D1440A-3B25-42FA-8016-0FF1F0417D32}.Debug|Any CPU.Build.0 = Debug|Any CPU
		{69D1440A-3B25-42FA-8016-0FF1F0417D32}.Release|Any CPU.ActiveCfg = Release|Any CPU
		{69D1440A-3B25-42FA-8016-0FF1F0417D32}.Release|Any CPU.Build.0 = Release|Any CPU
		{D84E7782-1051-4D5E-AF68-1377A423F8F6}.Debug|Any CPU.ActiveCfg = Debug|Any CPU
		{D84E7782-1051-4D5E-AF68-1377A423F8F6}.Debug|Any CPU.Build.0 = Debug|Any CPU
		{D84E7782-1051-4D5E-AF68-1377A423F8F6}.Release|Any CPU.ActiveCfg = Release|Any CPU
		{D84E7782-1051-4D5E-AF68-1377A423F8F6}.Release|Any CPU.Build.0 = Release|Any CPU
		{6784DD0F-4DF5-476B-AA1F-37E3DDFE6535}.Debug|Any CPU.ActiveCfg = Debug|Any CPU
		{6784DD0F-4DF5-476B-AA1F-37E3DDFE6535}.Debug|Any CPU.Build.0 = Debug|Any CPU
		{6784DD0F-4DF5-476B-AA1F-37E3DDFE6535}.Release|Any CPU.ActiveCfg = Release|Any CPU
		{6784DD0F-4DF5-476B-AA1F-37E3DDFE6535}.Release|Any CPU.Build.0 = Release|Any CPU
		{3DAEFAC8-4B33-4EB2-A410-4C7CC29D99D8}.Debug|Any CPU.ActiveCfg = Debug|Any CPU
		{3DAEFAC8-4B33-4EB2-A410-4C7CC29D99D8}.Debug|Any CPU.Build.0 = Debug|Any CPU
		{3DAEFAC8-4B33-4EB2-A410-4C7CC29D99D8}.Release|Any CPU.ActiveCfg = Release|Any CPU
		{3DAEFAC8-4B33-4EB2-A410-4C7CC29D99D8}.Release|Any CPU.Build.0 = Release|Any CPU
		{B450D781-2A0C-4DE3-A6D1-CE731E9F9E89}.Debug|Any CPU.ActiveCfg = Debug|Any CPU
		{B450D781-2A0C-4DE3-A6D1-CE731E9F9E89}.Debug|Any CPU.Build.0 = Debug|Any CPU
		{B450D781-2A0C-4DE3-A6D1-CE731E9F9E89}.Release|Any CPU.ActiveCfg = Release|Any CPU
		{B450D781-2A0C-4DE3-A6D1-CE731E9F9E89}.Release|Any CPU.Build.0 = Release|Any CPU
		{D182A567-A4A1-44C2-AE41-6B66EDE98D5D}.Debug|Any CPU.ActiveCfg = Debug|Any CPU
		{D182A567-A4A1-44C2-AE41-6B66EDE98D5D}.Debug|Any CPU.Build.0 = Debug|Any CPU
		{D182A567-A4A1-44C2-AE41-6B66EDE98D5D}.Release|Any CPU.ActiveCfg = Release|Any CPU
		{D182A567-A4A1-44C2-AE41-6B66EDE98D5D}.Release|Any CPU.Build.0 = Release|Any CPU
		{55374953-DC8A-496A-90E0-1E96F4AA6D9E}.Debug|Any CPU.ActiveCfg = Debug|Any CPU
		{55374953-DC8A-496A-90E0-1E96F4AA6D9E}.Debug|Any CPU.Build.0 = Debug|Any CPU
		{55374953-DC8A-496A-90E0-1E96F4AA6D9E}.Release|Any CPU.ActiveCfg = Release|Any CPU
		{55374953-DC8A-496A-90E0-1E96F4AA6D9E}.Release|Any CPU.Build.0 = Release|Any CPU
		{7E655FE1-59C7-4382-87C7-06FC36E1BE51}.Debug|Any CPU.ActiveCfg = Debug|Any CPU
		{7E655FE1-59C7-4382-87C7-06FC36E1BE51}.Debug|Any CPU.Build.0 = Debug|Any CPU
		{7E655FE1-59C7-4382-87C7-06FC36E1BE51}.Release|Any CPU.ActiveCfg = Release|Any CPU
		{7E655FE1-59C7-4382-87C7-06FC36E1BE51}.Release|Any CPU.Build.0 = Release|Any CPU
	EndGlobalSection
	GlobalSection(SolutionProperties) = preSolution
		HideSolutionNode = FALSE
	EndGlobalSection
	GlobalSection(NestedProjects) = preSolution
		{89C5601F-6F38-4AF3-A31D-6728FBF7B160} = {7777C9E8-3F97-4E5A-A668-EDEFCFA468C3}
		{6F6BB4CF-B3EE-42F2-A87E-EE52557FBE31} = {A5CE49C6-D458-4932-91F9-0A045E57CD4A}
		{04DDA0AD-329A-40F8-A193-541E64FD372A} = {A5CE49C6-D458-4932-91F9-0A045E57CD4A}
		{7A5314E3-B288-479E-995D-66ECFDC756BE} = {7777C9E8-3F97-4E5A-A668-EDEFCFA468C3}
		{E752CACA-B979-45A6-AEB2-F9C895B7DCAD} = {6F6BB4CF-B3EE-42F2-A87E-EE52557FBE31}
		{ED8EB5E3-F2BF-4AB7-824E-F57111DFAF42} = {6F6BB4CF-B3EE-42F2-A87E-EE52557FBE31}
		{4B105BA7-6032-42EE-AB57-448D02FBF53F} = {6F6BB4CF-B3EE-42F2-A87E-EE52557FBE31}
		{60FF62A0-620B-4482-9D1D-21C89AC4D91A} = {674CBD91-22F4-4BE3-8BB9-535C1ECBBBC7}
		{0BECFF39-FD0B-4B02-85A8-16AB5AD2ADC5} = {674CBD91-22F4-4BE3-8BB9-535C1ECBBBC7}
		{4B26020C-3207-496A-B9D3-E64CBD0F898A} = {674CBD91-22F4-4BE3-8BB9-535C1ECBBBC7}
		{69D1440A-3B25-42FA-8016-0FF1F0417D32} = {B2FB6E44-6B3D-4000-B6EF-90E94EEFB9BA}
		{D84E7782-1051-4D5E-AF68-1377A423F8F6} = {B2FB6E44-6B3D-4000-B6EF-90E94EEFB9BA}
		{6784DD0F-4DF5-476B-AA1F-37E3DDFE6535} = {6F6BB4CF-B3EE-42F2-A87E-EE52557FBE31}
		{3DAEFAC8-4B33-4EB2-A410-4C7CC29D99D8} = {B2FB6E44-6B3D-4000-B6EF-90E94EEFB9BA}
		{B450D781-2A0C-4DE3-A6D1-CE731E9F9E89} = {A5CE49C6-D458-4932-91F9-0A045E57CD4A}
		{D182A567-A4A1-44C2-AE41-6B66EDE98D5D} = {88BB8070-3CC4-494E-B21D-5195F2CA151A}
		{55374953-DC8A-496A-90E0-1E96F4AA6D9E} = {88BB8070-3CC4-494E-B21D-5195F2CA151A}
		{7E655FE1-59C7-4382-87C7-06FC36E1BE51} = {88BB8070-3CC4-494E-B21D-5195F2CA151A}
	EndGlobalSection
	GlobalSection(ExtensibilityGlobals) = postSolution
		SolutionGuid = {B1ACA762-EEBC-4D8A-9A0B-0CDADF67E870}
	EndGlobalSection
EndGlobal
